
Microsoft Visual Studio Solution File, Format Version 12.00
# Visual Studio Version 16
VisualStudioVersion = 16.0.29020.237
MinimumVisualStudioVersion = 10.0.40219.1
Project("{FAE04EC0-301F-11D3-BF4B-00C04F79EFBC}") = "TeknikTakip", "TeknikTakip.csproj", "{B061F5A9-3697-4566-896A-670A78309E34}"
EndProject
Global
	GlobalSection(SolutionConfigurationPlatforms) = preSolution
		Debug|Any CPU = Debug|Any CPU
		Release|Any CPU = Release|Any CPU
	EndGlobalSection
	GlobalSection(ProjectConfigurationPlatforms) = postSolution
		{B061F5A9-3697-4566-896A-670A78309E34}.Debug|Any CPU.ActiveCfg = Debug|Any CPU
		{B061F5A9-3697-4566-896A-670A78309E34}.Debug|Any CPU.Build.0 = Debug|Any CPU
		{B061F5A9-3697-4566-896A-670A78309E34}.Release|Any CPU.ActiveCfg = Release|Any CPU
		{B061F5A9-3697-4566-896A-670A78309E34}.Release|Any CPU.Build.0 = Release|Any CPU
	EndGlobalSection
	GlobalSection(SolutionProperties) = preSolution
		HideSolutionNode = FALSE
	EndGlobalSection
	GlobalSection(ExtensibilityGlobals) = postSolution
		SolutionGuid = {523FB999-B00B-42CD-BEB5-F8A55D855350}
	EndGlobalSection
EndGlobal
